// !$*UTF8*$!
{
	archiveVersion = 1;
	classes = {
	};
	objectVersion = 50;
	objects = {

/* Begin PBXBuildFile section */
		AB276AED215D198B000BDD62 /* Datos.swift in Sources */ = {isa = PBXBuildFile; fileRef = AB276AEC215D198B000BDD62 /* Datos.swift */; };
		AB276AEF215D2989000BDD62 /* ResultadoViewController.swift in Sources */ = {isa = PBXBuildFile; fileRef = AB276AEE215D2989000BDD62 /* ResultadoViewController.swift */; };
		AB8A2539214AF21300E7BCEE /* PizzaSizeViewController.swift in Sources */ = {isa = PBXBuildFile; fileRef = AB8A2538214AF21300E7BCEE /* PizzaSizeViewController.swift */; };
		AB8A253B214AF4FD00E7BCEE /* PizzaQuesoViewController.swift in Sources */ = {isa = PBXBuildFile; fileRef = AB8A253A214AF4FD00E7BCEE /* PizzaQuesoViewController.swift */; };
		AB8A253D214B0AC900E7BCEE /* PizzaIngredientsViewController.swift in Sources */ = {isa = PBXBuildFile; fileRef = AB8A253C214B0AC900E7BCEE /* PizzaIngredientsViewController.swift */; };
		ABB2661D214AE96400CEB698 /* AppDelegate.swift in Sources */ = {isa = PBXBuildFile; fileRef = ABB2661C214AE96400CEB698 /* AppDelegate.swift */; };
		ABB2661F214AE96400CEB698 /* ViewController.swift in Sources */ = {isa = PBXBuildFile; fileRef = ABB2661E214AE96400CEB698 /* ViewController.swift */; };
		ABB26622214AE96400CEB698 /* Main.storyboard in Resources */ = {isa = PBXBuildFile; fileRef = ABB26620214AE96400CEB698 /* Main.storyboard */; };
		ABB26624214AE96400CEB698 /* Assets.xcassets in Resources */ = {isa = PBXBuildFile; fileRef = ABB26623214AE96400CEB698 /* Assets.xcassets */; };
		ABB26627214AE96400CEB698 /* LaunchScreen.storyboard in Resources */ = {isa = PBXBuildFile; fileRef = ABB26625214AE96400CEB698 /* LaunchScreen.storyboard */; };
		ABB26631214AF0D300CEB698 /* PizzaMasaViewController.swift in Sources */ = {isa = PBXBuildFile; fileRef = ABB26630214AF0D300CEB698 /* PizzaMasaViewController.swift */; };
/* End PBXBuildFile section */

/* Begin PBXFileReference section */
		AB276AEC215D198B000BDD62 /* Datos.swift */ = {isa = PBXFileReference; lastKnownFileType = sourcecode.swift; path = Datos.swift; sourceTree = "<group>"; };
		AB276AEE215D2989000BDD62 /* ResultadoViewController.swift */ = {isa = PBXFileReference; lastKnownFileType = sourcecode.swift; path = ResultadoViewController.swift; sourceTree = "<group>"; };
		AB8A2538214AF21300E7BCEE /* PizzaSizeViewController.swift */ = {isa = PBXFileReference; lastKnownFileType = sourcecode.swift; path = PizzaSizeViewController.swift; sourceTree = "<group>"; };
		AB8A253A214AF4FD00E7BCEE /* PizzaQuesoViewController.swift */ = {isa = PBXFileReference; lastKnownFileType = sourcecode.swift; path = PizzaQuesoViewController.swift; sourceTree = "<group>"; };
		AB8A253C214B0AC900E7BCEE /* PizzaIngredientsViewController.swift */ = {isa = PBXFileReference; lastKnownFileType = sourcecode.swift; path = PizzaIngredientsViewController.swift; sourceTree = "<group>"; };
		ABB26619214AE96400CEB698 /* PizzaApp.app */ = {isa = PBXFileReference; explicitFileType = wrapper.application; includeInIndex = 0; path = PizzaApp.app; sourceTree = BUILT_PRODUCTS_DIR; };
		ABB2661C214AE96400CEB698 /* AppDelegate.swift */ = {isa = PBXFileReference; lastKnownFileType = sourcecode.swift; path = AppDelegate.swift; sourceTree = "<group>"; };
		ABB2661E214AE96400CEB698 /* ViewController.swift */ = {isa = PBXFileReference; lastKnownFileType = sourcecode.swift; path = ViewController.swift; sourceTree = "<group>"; };
		ABB26621214AE96400CEB698 /* Base */ = {isa = PBXFileReference; lastKnownFileType = file.storyboard; name = Base; path = Base.lproj/Main.storyboard; sourceTree = "<group>"; };
		ABB26623214AE96400CEB698 /* Assets.xcassets */ = {isa = PBXFileReference; lastKnownFileType = folder.assetcatalog; path = Assets.xcassets; sourceTree = "<group>"; };
		ABB26626214AE96400CEB698 /* Base */ = {isa = PBXFileReference; lastKnownFileType = file.storyboard; name = Base; path = Base.lproj/LaunchScreen.storyboard; sourceTree = "<group>"; };
		ABB26628214AE96400CEB698 /* Info.plist */ = {isa = PBXFileReference; lastKnownFileType = text.plist.xml; path = Info.plist; sourceTree = "<group>"; };
		ABB26630214AF0D300CEB698 /* PizzaMasaViewController.swift */ = {isa = PBXFileReference; lastKnownFileType = sourcecode.swift; path = PizzaMasaViewController.swift; sourceTree = "<group>"; };
/* End PBXFileReference section */

/* Begin PBXFrameworksBuildPhase section */
		ABB26616214AE96400CEB698 /* Frameworks */ = {
			isa = PBXFrameworksBuildPhase;
			buildActionMask = 2147483647;
			files = (
			);
			runOnlyForDeploymentPostprocessing = 0;
		};
/* End PBXFrameworksBuildPhase section */

/* Begin PBXGroup section */
		AB276AEB215D196F000BDD62 /* clase */ = {
			isa = PBXGroup;
			children = (
				AB276AEC215D198B000BDD62 /* Datos.swift */,
			);
			path = clase;
			sourceTree = "<group>";
		};
		ABB26610214AE96400CEB698 = {
			isa = PBXGroup;
			children = (
				ABB2661B214AE96400CEB698 /* PizzaApp */,
				ABB2661A214AE96400CEB698 /* Products */,
			);
			sourceTree = "<group>";
		};
		ABB2661A214AE96400CEB698 /* Products */ = {
			isa = PBXGroup;
			children = (
				ABB26619214AE96400CEB698 /* PizzaApp.app */,
			);
			name = Products;
			sourceTree = "<group>";
		};
		ABB2661B214AE96400CEB698 /* PizzaApp */ = {
			isa = PBXGroup;
			children = (
				AB276AEB215D196F000BDD62 /* clase */,
				ABB2661C214AE96400CEB698 /* AppDelegate.swift */,
				ABB2661E214AE96400CEB698 /* ViewController.swift */,
				ABB26620214AE96400CEB698 /* Main.storyboard */,
				ABB26623214AE96400CEB698 /* Assets.xcassets */,
				ABB26625214AE96400CEB698 /* LaunchScreen.storyboard */,
				ABB26628214AE96400CEB698 /* Info.plist */,
				ABB26630214AF0D300CEB698 /* PizzaMasaViewController.swift */,
				AB8A2538214AF21300E7BCEE /* PizzaSizeViewController.swift */,
				AB8A253A214AF4FD00E7BCEE /* PizzaQuesoViewController.swift */,
				AB8A253C214B0AC900E7BCEE /* PizzaIngredientsViewController.swift */,
				AB276AEE215D2989000BDD62 /* ResultadoViewController.swift */,
			);
			path = PizzaApp;
			sourceTree = "<group>";
		};
/* End PBXGroup section */

/* Begin PBXNativeTarget section */
		ABB26618214AE96400CEB698 /* PizzaApp */ = {
			isa = PBXNativeTarget;
			buildConfigurationList = ABB2662B214AE96400CEB698 /* Build configuration list for PBXNativeTarget "PizzaApp" */;
			buildPhases = (
				ABB26615214AE96400CEB698 /* Sources */,
				ABB26616214AE96400CEB698 /* Frameworks */,
				ABB26617214AE96400CEB698 /* Resources */,
			);
			buildRules = (
			);
			dependencies = (
			);
			name = PizzaApp;
			productName = PizzaApp;
			productReference = ABB26619214AE96400CEB698 /* PizzaApp.app */;
			productType = "com.apple.product-type.application";
		};
/* End PBXNativeTarget section */

/* Begin PBXProject section */
		ABB26611214AE96400CEB698 /* Project object */ = {
			isa = PBXProject;
			attributes = {
				LastSwiftUpdateCheck = 0940;
				LastUpgradeCheck = 0940;
				ORGANIZATIONNAME = MacBookTicsInplanet;
				TargetAttributes = {
					ABB26618214AE96400CEB698 = {
						CreatedOnToolsVersion = 9.4.1;
					};
				};
			};
			buildConfigurationList = ABB26614214AE96400CEB698 /* Build configuration list for PBXProject "PizzaApp" */;
			compatibilityVersion = "Xcode 9.3";
			developmentRegion = en;
			hasScannedForEncodings = 0;
			knownRegions = (
				en,
				Base,
			);
			mainGroup = ABB26610214AE96400CEB698;
			productRefGroup = ABB2661A214AE96400CEB698 /* Products */;
			projectDirPath = "";
			projectRoot = "";
			targets = (
				ABB26618214AE96400CEB698 /* PizzaApp */,
			);
		};
/* End PBXProject section */

/* Begin PBXResourcesBuildPhase section */
		ABB26617214AE96400CEB698 /* Resources */ = {
			isa = PBXResourcesBuildPhase;
			buildActionMask = 2147483647;
			files = (
				ABB26627214AE96400CEB698 /* LaunchScreen.storyboard in Resources */,
				ABB26624214AE96400CEB698 /* Assets.xcassets in Resources */,
				ABB26622214AE96400CEB698 /* Main.storyboard in Resources */,
			);
			runOnlyForDeploymentPostprocessing = 0;
		};
/* End PBXResourcesBuildPhase section */

/* Begin PBXSourcesBuildPhase section */
		ABB26615214AE96400CEB698 /* Sources */ = {
			isa = PBXSourcesBuildPhase;
			buildActionMask = 2147483647;
			files = (
				AB8A2539214AF21300E7BCEE /* PizzaSizeViewController.swift in Sources */,
				ABB2661F214AE96400CEB698 /* ViewController.swift in Sources */,
				AB276AEF215D2989000BDD62 /* ResultadoViewController.swift in Sources */,
				AB8A253B214AF4FD00E7BCEE /* PizzaQuesoViewController.swift in Sources */,
				ABB2661D214AE96400CEB698 /* AppDelegate.swift in Sources */,
				AB276AED215D198B000BDD62 /* Datos.swift in Sources */,
				AB8A253D214B0AC900E7BCEE /* PizzaIngredientsViewController.swift in Sources */,
				ABB26631214AF0D300CEB698 /* PizzaMasaViewController.swift in Sources */,
			);
			runOnlyForDeploymentPostprocessing = 0;
		};
/* End PBXSourcesBuildPhase section */

/* Begin PBXVariantGroup section */
		ABB26620214AE96400CEB698 /* Main.storyboard */ = {
			isa = PBXVariantGroup;
			children = (
				ABB26621214AE96400CEB698 /* Base */,
			);
			name = Main.storyboard;
			sourceTree = "<group>";
		};
		ABB26625214AE96400CEB698 /* LaunchScreen.storyboard */ = {
			isa = PBXVariantGroup;
			children = (
				ABB26626214AE96400CEB698 /* Base */,
			);
			name = LaunchScreen.storyboard;
			sourceTree = "<group>";
		};
/* End PBXVariantGroup section */

/* Begin XCBuildConfiguration section */
		ABB26629214AE96400CEB698 /* Debug */ = {
			isa = XCBuildConfiguration;
			buildSettings = {
				ALWAYS_SEARCH_USER_PATHS = NO;
				CLANG_ANALYZER_NONNULL = YES;
				CLANG_ANALYZER_NUMBER_OBJECT_CONVERSION = YES_AGGRESSIVE;
				CLANG_CXX_LANGUAGE_STANDARD = "gnu++14";
				CLANG_CXX_LIBRARY = "libc++";
				CLANG_ENABLE_MODULES = YES;
				CLANG_ENABLE_OBJC_ARC = YES;
				CLANG_ENABLE_OBJC_WEAK = YES;
				CLANG_WARN_BLOCK_CAPTURE_AUTORELEASING = YES;
				CLANG_WARN_BOOL_CONVERSION = YES;
				CLANG_WARN_COMMA = YES;
				CLANG_WARN_CONSTANT_CONVERSION = YES;
				CLANG_WARN_DEPRECATED_OBJC_IMPLEMENTATIONS = YES;
				CLANG_WARN_DIRECT_OBJC_ISA_USAGE = YES_ERROR;
				CLANG_WARN_DOCUMENTATION_COMMENTS = YES;
				CLANG_WARN_EMPTY_BODY = YES;
				CLANG_WARN_ENUM_CONVERSION = YES;
				CLANG_WARN_INFINITE_RECURSION = YES;
				CLANG_WARN_INT_CONVERSION = YES;
				CLANG_WARN_NON_LITERAL_NULL_CONVERSION = YES;
				CLANG_WARN_OBJC_IMPLICIT_RETAIN_SELF = YES;
				CLANG_WARN_OBJC_LITERAL_CONVERSION = YES;
				CLANG_WARN_OBJC_ROOT_CLASS = YES_ERROR;
				CLANG_WARN_RANGE_LOOP_ANALYSIS = YES;
				CLANG_WARN_STRICT_PROTOTYPES = YES;
				CLANG_WARN_SUSPICIOUS_MOVE = YES;
				CLANG_WARN_UNGUARDED_AVAILABILITY = YES_AGGRESSIVE;
				CLANG_WARN_UNREACHABLE_CODE = YES;
				CLANG_WARN__DUPLICATE_METHOD_MATCH = YES;
				CODE_SIGN_IDENTITY = "iPhone Developer";
				COPY_PHASE_STRIP = NO;
				DEBUG_INFORMATION_FORMAT = dwarf;
				ENABLE_STRICT_OBJC_MSGSEND = YES;
				ENABLE_TESTABILITY = YES;
				GCC_C_LANGUAGE_STANDARD = gnu11;
				GCC_DYNAMIC_NO_PIC = NO;
				GCC_NO_COMMON_BLOCKS = YES;
				GCC_OPTIMIZATION_LEVEL = 0;
				GCC_PREPROCESSOR_DEFINITIONS = (
					"DEBUG=1",
					"$(inherited)",
				);
				GCC_WARN_64_TO_32_BIT_CONVERSION = YES;
				GCC_WARN_ABOUT_RETURN_TYPE = YES_ERROR;
				GCC_WARN_UNDECLARED_SELECTOR = YES;
				GCC_WARN_UNINITIALIZED_AUTOS = YES_AGGRESSIVE;
				GCC_WARN_UNUSED_FUNCTION = YES;
				GCC_WARN_UNUSED_VARIABLE = YES;
				IPHONEOS_DEPLOYMENT_TARGET = 11.4;
				MTL_ENABLE_DEBUG_INFO = YES;
				ONLY_ACTIVE_ARCH = YES;
				SDKROOT = iphoneos;
				SWIFT_ACTIVE_COMPILATION_CONDITIONS = DEBUG;
				SWIFT_OPTIMIZATION_LEVEL = "-Onone";
			};
			name = Debug;
		};
		ABB2662A214AE96400CEB698 /* Release */ = {
			isa = XCBuildConfiguration;
			buildSettings = {
				ALWAYS_SEARCH_USER_PATHS = NO;
				CLANG_ANALYZER_NONNULL = YES;
				CLANG_ANALYZER_NUMBER_OBJECT_CONVERSION = YES_AGGRESSIVE;
				CLANG_CXX_LANGUAGE_STANDARD = "gnu++14";
				CLANG_CXX_LIBRARY = "libc++";
				CLANG_ENABLE_MODULES = YES;
				CLANG_ENABLE_OBJC_ARC = YES;
				CLANG_ENABLE_OBJC_WEAK = YES;
				CLANG_WARN_BLOCK_CAPTURE_AUTORELEASING = YES;
				CLANG_WARN_BOOL_CONVERSION = YES;
				CLANG_WARN_COMMA = YES;
				CLANG_WARN_CONSTANT_CONVERSION = YES;
				CLANG_WARN_DEPRECATED_OBJC_IMPLEMENTATIONS = YES;
				CLANG_WARN_DIRECT_OBJC_ISA_USAGE = YES_ERROR;
				CLANG_WARN_DOCUMENTATION_COMMENTS = YES;
				CLANG_WARN_EMPTY_BODY = YES;
				CLANG_WARN_ENUM_CONVERSION = YES;
				CLANG_WARN_INFINITE_RECURSION = YES;
				CLANG_WARN_INT_CONVERSION = YES;
				CLANG_WARN_NON_LITERAL_NULL_CONVERSION = YES;
				CLANG_WARN_OBJC_IMPLICIT_RETAIN_SELF = YES;
				CLANG_WARN_OBJC_LITERAL_CONVERSION = YES;
				CLANG_WARN_OBJC_ROOT_CLASS = YES_ERROR;
				CLANG_WARN_RANGE_LOOP_ANALYSIS = YES;
				CLANG_WARN_STRICT_PROTOTYPES = YES;
				CLANG_WARN_SUSPICIOUS_MOVE = YES;
				CLANG_WARN_UNGUARDED_AVAILABILITY = YES_AGGRESSIVE;
				CLANG_WARN_UNREACHABLE_CODE = YES;
				CLANG_WARN__DUPLICATE_METHOD_MATCH = YES;
				CODE_SIGN_IDENTITY = "iPhone Developer";
				COPY_PHASE_STRIP = NO;
				DEBUG_INFORMATION_FORMAT = "dwarf-with-dsym";
				ENABLE_NS_ASSERTIONS = NO;
				ENABLE_STRICT_OBJC_MSGSEND = YES;
				GCC_C_LANGUAGE_STANDARD = gnu11;
				GCC_NO_COMMON_BLOCKS = YES;
				GCC_WARN_64_TO_32_BIT_CONVERSION = YES;
				GCC_WARN_ABOUT_RETURN_TYPE = YES_ERROR;
				GCC_WARN_UNDECLARED_SELECTOR = YES;
				GCC_WARN_UNINITIALIZED_AUTOS = YES_AGGRESSIVE;
				GCC_WARN_UNUSED_FUNCTION = YES;
				GCC_WARN_UNUSED_VARIABLE = YES;
				IPHONEOS_DEPLOYMENT_TARGET = 11.4;
				MTL_ENABLE_DEBUG_INFO = NO;
				SDKROOT = iphoneos;
				SWIFT_COMPILATION_MODE = wholemodule;
				SWIFT_OPTIMIZATION_LEVEL = "-O";
				VALIDATE_PRODUCT = YES;
			};
			name = Release;
		};
		ABB2662C214AE96400CEB698 /* Debug */ = {
			isa = XCBuildConfiguration;
			buildSettings = {
				ASSETCATALOG_COMPILER_APPICON_NAME = AppIcon;
				CODE_SIGN_STYLE = Automatic;
				INFOPLIST_FILE = PizzaApp/Info.plist;
				LD_RUNPATH_SEARCH_PATHS = (
					"$(inherited)",
					"@executable_path/Frameworks",
				);
				PRODUCT_BUNDLE_IDENTIFIER = jordy.PizzaApp;
				PRODUCT_NAME = "$(TARGET_NAME)";
				SWIFT_VERSION = 4.0;
				TARGETED_DEVICE_FAMILY = "1,2";
			};
			name = Debug;
		};
		ABB2662D214AE96400CEB698 /* Release */ = {
			isa = XCBuildConfiguration;
			buildSettings = {
				ASSETCATALOG_COMPILER_APPICON_NAME = AppIcon;
				CODE_SIGN_STYLE = Automatic;
				INFOPLIST_FILE = PizzaApp/Info.plist;
				LD_RUNPATH_SEARCH_PATHS = (
					"$(inherited)",
					"@executable_path/Frameworks",
				);
				PRODUCT_BUNDLE_IDENTIFIER = jordy.PizzaApp;
				PRODUCT_NAME = "$(TARGET_NAME)";
				SWIFT_VERSION = 4.0;
				TARGETED_DEVICE_FAMILY = "1,2";
			};
			name = Release;
		};
/* End XCBuildConfiguration section */

/* Begin XCConfigurationList section */
		ABB26614214AE96400CEB698 /* Build configuration list for PBXProject "PizzaApp" */ = {
			isa = XCConfigurationList;
			buildConfigurations = (
				ABB26629214AE96400CEB698 /* Debug */,
				ABB2662A214AE96400CEB698 /* Release */,
			);
			defaultConfigurationIsVisible = 0;
			defaultConfigurationName = Release;
		};
		ABB2662B214AE96400CEB698 /* Build configuration list for PBXNativeTarget "PizzaApp" */ = {
			isa = XCConfigurationList;
			buildConfigurations = (
				ABB2662C214AE96400CEB698 /* Debug */,
				ABB2662D214AE96400CEB698 /* Release */,
			);
			defaultConfigurationIsVisible = 0;
			defaultConfigurationName = Release;
		};
/* End XCConfigurationList section */
	};
	rootObject = ABB26611214AE96400CEB698 /* Project object */;
}
